// !$*UTF8*$!
{
	archiveVersion = 1;
	classes = {
	};
	objectVersion = 46;
	objects = {

/* Begin PBXBuildFile section */
		3A911244DD8E4A52BE1DDFDB /* Pods_ChirpCawCaw.framework in Frameworks */ = {isa = PBXBuildFile; fileRef = F1DAC915B70F734A76BA16D0 /* Pods_ChirpCawCaw.framework */; };
		6139BE851D23682300A02DDC /* User.swift in Sources */ = {isa = PBXBuildFile; fileRef = 6139BE841D23682300A02DDC /* User.swift */; };
		6139BE871D23683100A02DDC /* Tweet.swift in Sources */ = {isa = PBXBuildFile; fileRef = 6139BE861D23683100A02DDC /* Tweet.swift */; };
		6139BE8A1D236E0400A02DDC /* TwitterClient.swift in Sources */ = {isa = PBXBuildFile; fileRef = 6139BE891D236E0400A02DDC /* TwitterClient.swift */; };
		6139BE8C1D23EF2F00A02DDC /* TweetsViewController.swift in Sources */ = {isa = PBXBuildFile; fileRef = 6139BE8B1D23EF2F00A02DDC /* TweetsViewController.swift */; };
		6139BE8F1D24794F00A02DDC /* TweetCell.swift in Sources */ = {isa = PBXBuildFile; fileRef = 6139BE8E1D24794E00A02DDC /* TweetCell.swift */; };
		6139BE941D256F4600A02DDC /* DetailsViewController.swift in Sources */ = {isa = PBXBuildFile; fileRef = 6139BE931D256F4600A02DDC /* DetailsViewController.swift */; };
		6139BE9E1D267B3000A02DDC /* ComposeViewController.swift in Sources */ = {isa = PBXBuildFile; fileRef = 6139BE9D1D267B3000A02DDC /* ComposeViewController.swift */; };
		6139BEA21D26E09400A02DDC /* ProfileViewController.swift in Sources */ = {isa = PBXBuildFile; fileRef = 6139BEA11D26E09400A02DDC /* ProfileViewController.swift */; };
		6139BEAE1D2701EC00A02DDC /* profileTweetCell.swift in Sources */ = {isa = PBXBuildFile; fileRef = 6139BEAD1D2701EC00A02DDC /* profileTweetCell.swift */; };
		6139BEB21D27228E00A02DDC /* NaviViewController.swift in Sources */ = {isa = PBXBuildFile; fileRef = 6139BEB11D27228E00A02DDC /* NaviViewController.swift */; };
		6139BED81D27406A00A02DDC /* UsersViewController.swift in Sources */ = {isa = PBXBuildFile; fileRef = 6139BED71D27406A00A02DDC /* UsersViewController.swift */; };
		6139BEEC1D2750F200A02DDC /* compose_icon.png in Resources */ = {isa = PBXBuildFile; fileRef = 6139BEDB1D2750F200A02DDC /* compose_icon.png */; };
		6139BEED1D2750F200A02DDC /* exit_icon.png in Resources */ = {isa = PBXBuildFile; fileRef = 6139BEDC1D2750F200A02DDC /* exit_icon.png */; };
		6139BEEE1D2750F200A02DDC /* Filled-96.png in Resources */ = {isa = PBXBuildFile; fileRef = 6139BEDD1D2750F200A02DDC /* Filled-96.png */; };
		6139BEEF1D2750F200A02DDC /* messages_icon.png in Resources */ = {isa = PBXBuildFile; fileRef = 6139BEDE1D2750F200A02DDC /* messages_icon.png */; };
		6139BEF01D2750F200A02DDC /* no_profileImage.jpeg in Resources */ = {isa = PBXBuildFile; fileRef = 6139BEDF1D2750F200A02DDC /* no_profileImage.jpeg */; };
		6139BEF11D2750F200A02DDC /* not-liked.png in Resources */ = {isa = PBXBuildFile; fileRef = 6139BEE01D2750F200A02DDC /* not-liked.png */; };
		6139BEF21D2750F200A02DDC /* notification_icon.png in Resources */ = {isa = PBXBuildFile; fileRef = 6139BEE11D2750F200A02DDC /* notification_icon.png */; };
		6139BEF31D2750F200A02DDC /* profile_icon.png in Resources */ = {isa = PBXBuildFile; fileRef = 6139BEE21D2750F200A02DDC /* profile_icon.png */; };
		6139BEF41D2750F200A02DDC /* profileplus_icon.png in Resources */ = {isa = PBXBuildFile; fileRef = 6139BEE31D2750F200A02DDC /* profileplus_icon.png */; };
		6139BEF51D2750F200A02DDC /* Reply Arrow Filled-100.png in Resources */ = {isa = PBXBuildFile; fileRef = 6139BEE41D2750F200A02DDC /* Reply Arrow Filled-100.png */; };
		6139BEF61D2750F200A02DDC /* retweet_notTouched.png in Resources */ = {isa = PBXBuildFile; fileRef = 6139BEE51D2750F200A02DDC /* retweet_notTouched.png */; };
		6139BEF71D2750F200A02DDC /* retweeted.png in Resources */ = {isa = PBXBuildFile; fileRef = 6139BEE61D2750F200A02DDC /* retweeted.png */; };
		6139BEF81D2750F200A02DDC /* search_icon.png in Resources */ = {isa = PBXBuildFile; fileRef = 6139BEE71D2750F200A02DDC /* search_icon.png */; };
		6139BEF91D2750F200A02DDC /* TwitterLogo_#55acee.eps in Resources */ = {isa = PBXBuildFile; fileRef = 6139BEE81D2750F200A02DDC /* TwitterLogo_#55acee.eps */; };
		6139BEFA1D2750F200A02DDC /* TwitterLogo_#55acee.png in Resources */ = {isa = PBXBuildFile; fileRef = 6139BEE91D2750F200A02DDC /* TwitterLogo_#55acee.png */; };
		6139BEFB1D2750F200A02DDC /* TwitterLogo_white.eps in Resources */ = {isa = PBXBuildFile; fileRef = 6139BEEA1D2750F200A02DDC /* TwitterLogo_white.eps */; };
		6139BEFC1D2750F200A02DDC /* TwitterLogo_white.png in Resources */ = {isa = PBXBuildFile; fileRef = 6139BEEB1D2750F200A02DDC /* TwitterLogo_white.png */; };
		6162C77F1D21C92400575759 /* AppDelegate.swift in Sources */ = {isa = PBXBuildFile; fileRef = 6162C77E1D21C92400575759 /* AppDelegate.swift */; };
		6162C7841D21C92400575759 /* Main.storyboard in Resources */ = {isa = PBXBuildFile; fileRef = 6162C7821D21C92400575759 /* Main.storyboard */; };
		6162C7861D21C92400575759 /* Assets.xcassets in Resources */ = {isa = PBXBuildFile; fileRef = 6162C7851D21C92400575759 /* Assets.xcassets */; };
		6162C7891D21C92400575759 /* LaunchScreen.storyboard in Resources */ = {isa = PBXBuildFile; fileRef = 6162C7871D21C92400575759 /* LaunchScreen.storyboard */; };
		6162C7911D21CEA700575759 /* LoginViewController.swift in Sources */ = {isa = PBXBuildFile; fileRef = 6162C7901D21CEA700575759 /* LoginViewController.swift */; };
/* End PBXBuildFile section */

/* Begin PBXFileReference section */
		6139BE841D23682300A02DDC /* User.swift */ = {isa = PBXFileReference; fileEncoding = 4; lastKnownFileType = sourcecode.swift; path = User.swift; sourceTree = "<group>"; };
		6139BE861D23683100A02DDC /* Tweet.swift */ = {isa = PBXFileReference; fileEncoding = 4; lastKnownFileType = sourcecode.swift; path = Tweet.swift; sourceTree = "<group>"; };
		6139BE891D236E0400A02DDC /* TwitterClient.swift */ = {isa = PBXFileReference; fileEncoding = 4; lastKnownFileType = sourcecode.swift; path = TwitterClient.swift; sourceTree = "<group>"; };
		6139BE8B1D23EF2F00A02DDC /* TweetsViewController.swift */ = {isa = PBXFileReference; fileEncoding = 4; lastKnownFileType = sourcecode.swift; path = TweetsViewController.swift; sourceTree = "<group>"; };
		6139BE8E1D24794E00A02DDC /* TweetCell.swift */ = {isa = PBXFileReference; fileEncoding = 4; lastKnownFileType = sourcecode.swift; path = TweetCell.swift; sourceTree = "<group>"; };
		6139BE931D256F4600A02DDC /* DetailsViewController.swift */ = {isa = PBXFileReference; fileEncoding = 4; lastKnownFileType = sourcecode.swift; path = DetailsViewController.swift; sourceTree = "<group>"; };
		6139BE9D1D267B3000A02DDC /* ComposeViewController.swift */ = {isa = PBXFileReference; fileEncoding = 4; lastKnownFileType = sourcecode.swift; path = ComposeViewController.swift; sourceTree = "<group>"; };
		6139BEA11D26E09400A02DDC /* ProfileViewController.swift */ = {isa = PBXFileReference; fileEncoding = 4; lastKnownFileType = sourcecode.swift; path = ProfileViewController.swift; sourceTree = "<group>"; };
		6139BEAD1D2701EC00A02DDC /* profileTweetCell.swift */ = {isa = PBXFileReference; fileEncoding = 4; lastKnownFileType = sourcecode.swift; path = profileTweetCell.swift; sourceTree = "<group>"; };
		6139BEB11D27228E00A02DDC /* NaviViewController.swift */ = {isa = PBXFileReference; fileEncoding = 4; lastKnownFileType = sourcecode.swift; path = NaviViewController.swift; sourceTree = "<group>"; };
		6139BED71D27406A00A02DDC /* UsersViewController.swift */ = {isa = PBXFileReference; fileEncoding = 4; lastKnownFileType = sourcecode.swift; path = UsersViewController.swift; sourceTree = "<group>"; };
		6139BEDB1D2750F200A02DDC /* compose_icon.png */ = {isa = PBXFileReference; lastKnownFileType = image.png; path = compose_icon.png; sourceTree = "<group>"; };
		6139BEDC1D2750F200A02DDC /* exit_icon.png */ = {isa = PBXFileReference; lastKnownFileType = image.png; path = exit_icon.png; sourceTree = "<group>"; };
		6139BEDD1D2750F200A02DDC /* Filled-96.png */ = {isa = PBXFileReference; lastKnownFileType = image.png; path = "Filled-96.png"; sourceTree = "<group>"; };
		6139BEDE1D2750F200A02DDC /* messages_icon.png */ = {isa = PBXFileReference; lastKnownFileType = image.png; path = messages_icon.png; sourceTree = "<group>"; };
		6139BEDF1D2750F200A02DDC /* no_profileImage.jpeg */ = {isa = PBXFileReference; lastKnownFileType = image.jpeg; path = no_profileImage.jpeg; sourceTree = "<group>"; };
		6139BEE01D2750F200A02DDC /* not-liked.png */ = {isa = PBXFileReference; lastKnownFileType = image.png; path = "not-liked.png"; sourceTree = "<group>"; };
		6139BEE11D2750F200A02DDC /* notification_icon.png */ = {isa = PBXFileReference; lastKnownFileType = image.png; path = notification_icon.png; sourceTree = "<group>"; };
		6139BEE21D2750F200A02DDC /* profile_icon.png */ = {isa = PBXFileReference; lastKnownFileType = image.png; path = profile_icon.png; sourceTree = "<group>"; };
		6139BEE31D2750F200A02DDC /* profileplus_icon.png */ = {isa = PBXFileReference; lastKnownFileType = image.png; path = profileplus_icon.png; sourceTree = "<group>"; };
		6139BEE41D2750F200A02DDC /* Reply Arrow Filled-100.png */ = {isa = PBXFileReference; lastKnownFileType = image.png; path = "Reply Arrow Filled-100.png"; sourceTree = "<group>"; };
		6139BEE51D2750F200A02DDC /* retweet_notTouched.png */ = {isa = PBXFileReference; lastKnownFileType = image.png; path = retweet_notTouched.png; sourceTree = "<group>"; };
		6139BEE61D2750F200A02DDC /* retweeted.png */ = {isa = PBXFileReference; lastKnownFileType = image.png; path = retweeted.png; sourceTree = "<group>"; };
		6139BEE71D2750F200A02DDC /* search_icon.png */ = {isa = PBXFileReference; lastKnownFileType = image.png; path = search_icon.png; sourceTree = "<group>"; };
		6139BEE81D2750F200A02DDC /* TwitterLogo_#55acee.eps */ = {isa = PBXFileReference; lastKnownFileType = file; path = "TwitterLogo_#55acee.eps"; sourceTree = "<group>"; };
		6139BEE91D2750F200A02DDC /* TwitterLogo_#55acee.png */ = {isa = PBXFileReference; lastKnownFileType = image.png; path = "TwitterLogo_#55acee.png"; sourceTree = "<group>"; };
		6139BEEA1D2750F200A02DDC /* TwitterLogo_white.eps */ = {isa = PBXFileReference; lastKnownFileType = file; path = TwitterLogo_white.eps; sourceTree = "<group>"; };
		6139BEEB1D2750F200A02DDC /* TwitterLogo_white.png */ = {isa = PBXFileReference; lastKnownFileType = image.png; path = TwitterLogo_white.png; sourceTree = "<group>"; };
		6162C77B1D21C92400575759 /* ChirpCawCaw.app */ = {isa = PBXFileReference; explicitFileType = wrapper.application; includeInIndex = 0; path = ChirpCawCaw.app; sourceTree = BUILT_PRODUCTS_DIR; };
		6162C77E1D21C92400575759 /* AppDelegate.swift */ = {isa = PBXFileReference; lastKnownFileType = sourcecode.swift; path = AppDelegate.swift; sourceTree = "<group>"; };
		6162C7831D21C92400575759 /* Base */ = {isa = PBXFileReference; lastKnownFileType = file.storyboard; name = Base; path = Base.lproj/Main.storyboard; sourceTree = "<group>"; };
		6162C7851D21C92400575759 /* Assets.xcassets */ = {isa = PBXFileReference; lastKnownFileType = folder.assetcatalog; path = Assets.xcassets; sourceTree = "<group>"; };
		6162C7881D21C92400575759 /* Base */ = {isa = PBXFileReference; lastKnownFileType = file.storyboard; name = Base; path = Base.lproj/LaunchScreen.storyboard; sourceTree = "<group>"; };
		6162C78A1D21C92400575759 /* Info.plist */ = {isa = PBXFileReference; lastKnownFileType = text.plist.xml; path = Info.plist; sourceTree = "<group>"; };
		6162C7901D21CEA700575759 /* LoginViewController.swift */ = {isa = PBXFileReference; fileEncoding = 4; lastKnownFileType = sourcecode.swift; path = LoginViewController.swift; sourceTree = "<group>"; };
		B934BAA5185D243FD1EE0DE8 /* Pods-ChirpCawCaw.release.xcconfig */ = {isa = PBXFileReference; includeInIndex = 1; lastKnownFileType = text.xcconfig; name = "Pods-ChirpCawCaw.release.xcconfig"; path = "Pods/Target Support Files/Pods-ChirpCawCaw/Pods-ChirpCawCaw.release.xcconfig"; sourceTree = "<group>"; };
		F0B372346BB9D971188F5A59 /* Pods-ChirpCawCaw.debug.xcconfig */ = {isa = PBXFileReference; includeInIndex = 1; lastKnownFileType = text.xcconfig; name = "Pods-ChirpCawCaw.debug.xcconfig"; path = "Pods/Target Support Files/Pods-ChirpCawCaw/Pods-ChirpCawCaw.debug.xcconfig"; sourceTree = "<group>"; };
		F1DAC915B70F734A76BA16D0 /* Pods_ChirpCawCaw.framework */ = {isa = PBXFileReference; explicitFileType = wrapper.framework; includeInIndex = 0; path = Pods_ChirpCawCaw.framework; sourceTree = BUILT_PRODUCTS_DIR; };
/* End PBXFileReference section */

/* Begin PBXFrameworksBuildPhase section */
		6162C7781D21C92400575759 /* Frameworks */ = {
			isa = PBXFrameworksBuildPhase;
			buildActionMask = 2147483647;
			files = (
				3A911244DD8E4A52BE1DDFDB /* Pods_ChirpCawCaw.framework in Frameworks */,
			);
			runOnlyForDeploymentPostprocessing = 0;
		};
/* End PBXFrameworksBuildPhase section */

/* Begin PBXGroup section */
		1AC848ED18AD6980ED10AD36 /* Pods */ = {
			isa = PBXGroup;
			children = (
				F0B372346BB9D971188F5A59 /* Pods-ChirpCawCaw.debug.xcconfig */,
				B934BAA5185D243FD1EE0DE8 /* Pods-ChirpCawCaw.release.xcconfig */,
			);
			name = Pods;
			sourceTree = "<group>";
		};
		6139BE821D23386300A02DDC /* View Controllers */ = {
			isa = PBXGroup;
			children = (
				6162C7901D21CEA700575759 /* LoginViewController.swift */,
				6139BE8B1D23EF2F00A02DDC /* TweetsViewController.swift */,
				6139BEA11D26E09400A02DDC /* ProfileViewController.swift */,
				6139BE931D256F4600A02DDC /* DetailsViewController.swift */,
				6139BE9D1D267B3000A02DDC /* ComposeViewController.swift */,
				6139BEB11D27228E00A02DDC /* NaviViewController.swift */,
				6139BED71D27406A00A02DDC /* UsersViewController.swift */,
			);
			name = "View Controllers";
			sourceTree = "<group>";
		};
		6139BE831D2367FE00A02DDC /* Models */ = {
			isa = PBXGroup;
			children = (
				6139BE841D23682300A02DDC /* User.swift */,
				6139BE861D23683100A02DDC /* Tweet.swift */,
			);
			name = Models;
			sourceTree = "<group>";
		};
		6139BE881D236DDF00A02DDC /* API */ = {
			isa = PBXGroup;
			children = (
				6139BE891D236E0400A02DDC /* TwitterClient.swift */,
			);
			name = API;
			sourceTree = "<group>";
		};
		6139BE8D1D24792600A02DDC /* Cells */ = {
			isa = PBXGroup;
			children = (
				6139BE8E1D24794E00A02DDC /* TweetCell.swift */,
				6139BEAD1D2701EC00A02DDC /* profileTweetCell.swift */,
			);
			name = Cells;
			sourceTree = "<group>";
		};
		6139BE901D247B9800A02DDC /* Images */ = {
			isa = PBXGroup;
			children = (
				6139BEDB1D2750F200A02DDC /* compose_icon.png */,
				6139BEDC1D2750F200A02DDC /* exit_icon.png */,
				6139BEDD1D2750F200A02DDC /* Filled-96.png */,
				6139BEDE1D2750F200A02DDC /* messages_icon.png */,
				6139BEDF1D2750F200A02DDC /* no_profileImage.jpeg */,
				6139BEE01D2750F200A02DDC /* not-liked.png */,
				6139BEE11D2750F200A02DDC /* notification_icon.png */,
				6139BEE21D2750F200A02DDC /* profile_icon.png */,
				6139BEE31D2750F200A02DDC /* profileplus_icon.png */,
				6139BEE41D2750F200A02DDC /* Reply Arrow Filled-100.png */,
				6139BEE51D2750F200A02DDC /* retweet_notTouched.png */,
				6139BEE61D2750F200A02DDC /* retweeted.png */,
				6139BEE71D2750F200A02DDC /* search_icon.png */,
				6139BEE81D2750F200A02DDC /* TwitterLogo_#55acee.eps */,
				6139BEE91D2750F200A02DDC /* TwitterLogo_#55acee.png */,
				6139BEEA1D2750F200A02DDC /* TwitterLogo_white.eps */,
				6139BEEB1D2750F200A02DDC /* TwitterLogo_white.png */,
			);
			name = Images;
			sourceTree = "<group>";
		};
		6162C7721D21C92400575759 = {
			isa = PBXGroup;
			children = (
				6162C77D1D21C92400575759 /* ChirpCawCaw */,
				6162C77C1D21C92400575759 /* Products */,
				1AC848ED18AD6980ED10AD36 /* Pods */,
				E4393BA8D21C8922E2B0A683 /* Frameworks */,
			);
			sourceTree = "<group>";
		};
		6162C77C1D21C92400575759 /* Products */ = {
			isa = PBXGroup;
			children = (
				6162C77B1D21C92400575759 /* ChirpCawCaw.app */,
			);
			name = Products;
			sourceTree = "<group>";
		};
		6162C77D1D21C92400575759 /* ChirpCawCaw */ = {
			isa = PBXGroup;
			children = (
				6139BE901D247B9800A02DDC /* Images */,
				6139BE881D236DDF00A02DDC /* API */,
				6139BE831D2367FE00A02DDC /* Models */,
				6139BE821D23386300A02DDC /* View Controllers */,
				6139BE8D1D24792600A02DDC /* Cells */,
				6162C77E1D21C92400575759 /* AppDelegate.swift */,
				6162C7821D21C92400575759 /* Main.storyboard */,
				6162C7871D21C92400575759 /* LaunchScreen.storyboard */,
				6162C7851D21C92400575759 /* Assets.xcassets */,
				6162C78A1D21C92400575759 /* Info.plist */,
			);
			path = ChirpCawCaw;
			sourceTree = "<group>";
		};
		E4393BA8D21C8922E2B0A683 /* Frameworks */ = {
			isa = PBXGroup;
			children = (
				F1DAC915B70F734A76BA16D0 /* Pods_ChirpCawCaw.framework */,
			);
			name = Frameworks;
			sourceTree = "<group>";
		};
/* End PBXGroup section */

/* Begin PBXNativeTarget section */
		6162C77A1D21C92400575759 /* ChirpCawCaw */ = {
			isa = PBXNativeTarget;
			buildConfigurationList = 6162C78D1D21C92400575759 /* Build configuration list for PBXNativeTarget "ChirpCawCaw" */;
			buildPhases = (
				CFB6DED9BE29BE10B9EBBBD2 /* [CP] Check Pods Manifest.lock */,
				6162C7771D21C92400575759 /* Sources */,
				6162C7781D21C92400575759 /* Frameworks */,
				6162C7791D21C92400575759 /* Resources */,
				8E7F56333252A3D6F463983D /* [CP] Embed Pods Frameworks */,
				0A8539F73D598D36B3A6D54E /* [CP] Copy Pods Resources */,
			);
			buildRules = (
			);
			dependencies = (
			);
			name = ChirpCawCaw;
			productName = ChirpCawCaw;
			productReference = 6162C77B1D21C92400575759 /* ChirpCawCaw.app */;
			productType = "com.apple.product-type.application";
		};
/* End PBXNativeTarget section */

/* Begin PBXProject section */
		6162C7731D21C92400575759 /* Project object */ = {
			isa = PBXProject;
			attributes = {
				LastSwiftUpdateCheck = 0730;
				LastUpgradeCheck = 0730;
				ORGANIZATIONNAME = "Bonnie Nguyen";
				TargetAttributes = {
					6162C77A1D21C92400575759 = {
						CreatedOnToolsVersion = 7.3.1;
						DevelopmentTeam = U63TPR2C89;
					};
				};
			};
			buildConfigurationList = 6162C7761D21C92400575759 /* Build configuration list for PBXProject "ChirpCawCaw" */;
			compatibilityVersion = "Xcode 3.2";
			developmentRegion = English;
			hasScannedForEncodings = 0;
			knownRegions = (
				en,
				Base,
			);
			mainGroup = 6162C7721D21C92400575759;
			productRefGroup = 6162C77C1D21C92400575759 /* Products */;
			projectDirPath = "";
			projectRoot = "";
			targets = (
				6162C77A1D21C92400575759 /* ChirpCawCaw */,
			);
		};
/* End PBXProject section */

/* Begin PBXResourcesBuildPhase section */
		6162C7791D21C92400575759 /* Resources */ = {
			isa = PBXResourcesBuildPhase;
			buildActionMask = 2147483647;
			files = (
				6139BEF81D2750F200A02DDC /* search_icon.png in Resources */,
				6139BEF01D2750F200A02DDC /* no_profileImage.jpeg in Resources */,
				6162C7891D21C92400575759 /* LaunchScreen.storyboard in Resources */,
				6139BEFB1D2750F200A02DDC /* TwitterLogo_white.eps in Resources */,
				6139BEF31D2750F200A02DDC /* profile_icon.png in Resources */,
				6139BEF11D2750F200A02DDC /* not-liked.png in Resources */,
				6139BEEC1D2750F200A02DDC /* compose_icon.png in Resources */,
				6162C7861D21C92400575759 /* Assets.xcassets in Resources */,
				6139BEF21D2750F200A02DDC /* notification_icon.png in Resources */,
				6139BEFA1D2750F200A02DDC /* TwitterLogo_#55acee.png in Resources */,
				6139BEF91D2750F200A02DDC /* TwitterLogo_#55acee.eps in Resources */,
				6139BEED1D2750F200A02DDC /* exit_icon.png in Resources */,
				6139BEFC1D2750F200A02DDC /* TwitterLogo_white.png in Resources */,
				6139BEF41D2750F200A02DDC /* profileplus_icon.png in Resources */,
				6139BEF61D2750F200A02DDC /* retweet_notTouched.png in Resources */,
				6139BEEE1D2750F200A02DDC /* Filled-96.png in Resources */,
				6162C7841D21C92400575759 /* Main.storyboard in Resources */,
				6139BEEF1D2750F200A02DDC /* messages_icon.png in Resources */,
				6139BEF71D2750F200A02DDC /* retweeted.png in Resources */,
				6139BEF51D2750F200A02DDC /* Reply Arrow Filled-100.png in Resources */,
			);
			runOnlyForDeploymentPostprocessing = 0;
		};
/* End PBXResourcesBuildPhase section */

/* Begin PBXShellScriptBuildPhase section */
		0A8539F73D598D36B3A6D54E /* [CP] Copy Pods Resources */ = {
			isa = PBXShellScriptBuildPhase;
			buildActionMask = 2147483647;
			files = (
			);
			inputPaths = (
			);
			name = "[CP] Copy Pods Resources";
			outputPaths = (
			);
			runOnlyForDeploymentPostprocessing = 0;
			shellPath = /bin/sh;
			shellScript = "\"${SRCROOT}/Pods/Target Support Files/Pods-ChirpCawCaw/Pods-ChirpCawCaw-resources.sh\"\n";
			showEnvVarsInLog = 0;
		};
		8E7F56333252A3D6F463983D /* [CP] Embed Pods Frameworks */ = {
			isa = PBXShellScriptBuildPhase;
			buildActionMask = 2147483647;
			files = (
			);
			inputPaths = (
			);
			name = "[CP] Embed Pods Frameworks";
			outputPaths = (
			);
			runOnlyForDeploymentPostprocessing = 0;
			shellPath = /bin/sh;
			shellScript = "\"${SRCROOT}/Pods/Target Support Files/Pods-ChirpCawCaw/Pods-ChirpCawCaw-frameworks.sh\"\n";
			showEnvVarsInLog = 0;
		};
		CFB6DED9BE29BE10B9EBBBD2 /* [CP] Check Pods Manifest.lock */ = {
			isa = PBXShellScriptBuildPhase;
			buildActionMask = 2147483647;
			files = (
			);
			inputPaths = (
			);
			name = "[CP] Check Pods Manifest.lock";
			outputPaths = (
			);
			runOnlyForDeploymentPostprocessing = 0;
			shellPath = /bin/sh;
			shellScript = "diff \"${PODS_ROOT}/../Podfile.lock\" \"${PODS_ROOT}/Manifest.lock\" > /dev/null\nif [[ $? != 0 ]] ; then\n    cat << EOM\nerror: The sandbox is not in sync with the Podfile.lock. Run 'pod install' or update your CocoaPods installation.\nEOM\n    exit 1\nfi\n";
			showEnvVarsInLog = 0;
		};
/* End PBXShellScriptBuildPhase section */

/* Begin PBXSourcesBuildPhase section */
		6162C7771D21C92400575759 /* Sources */ = {
			isa = PBXSourcesBuildPhase;
			buildActionMask = 2147483647;
			files = (
				6139BE9E1D267B3000A02DDC /* ComposeViewController.swift in Sources */,
				6139BE851D23682300A02DDC /* User.swift in Sources */,
				6139BED81D27406A00A02DDC /* UsersViewController.swift in Sources */,
				6139BEA21D26E09400A02DDC /* ProfileViewController.swift in Sources */,
				6139BE8F1D24794F00A02DDC /* TweetCell.swift in Sources */,
				6139BEB21D27228E00A02DDC /* NaviViewController.swift in Sources */,
				6139BE871D23683100A02DDC /* Tweet.swift in Sources */,
				6139BE941D256F4600A02DDC /* DetailsViewController.swift in Sources */,
				6139BEAE1D2701EC00A02DDC /* profileTweetCell.swift in Sources */,
				6162C7911D21CEA700575759 /* LoginViewController.swift in Sources */,
				6139BE8C1D23EF2F00A02DDC /* TweetsViewController.swift in Sources */,
				6139BE8A1D236E0400A02DDC /* TwitterClient.swift in Sources */,
				6162C77F1D21C92400575759 /* AppDelegate.swift in Sources */,
			);
			runOnlyForDeploymentPostprocessing = 0;
		};
/* End PBXSourcesBuildPhase section */

/* Begin PBXVariantGroup section */
		6162C7821D21C92400575759 /* Main.storyboard */ = {
			isa = PBXVariantGroup;
			children = (
				6162C7831D21C92400575759 /* Base */,
			);
			name = Main.storyboard;
			sourceTree = "<group>";
		};
		6162C7871D21C92400575759 /* LaunchScreen.storyboard */ = {
			isa = PBXVariantGroup;
			children = (
				6162C7881D21C92400575759 /* Base */,
			);
			name = LaunchScreen.storyboard;
			sourceTree = "<group>";
		};
/* End PBXVariantGroup section */

/* Begin XCBuildConfiguration section */
		6162C78B1D21C92400575759 /* Debug */ = {
			isa = XCBuildConfiguration;
			buildSettings = {
				ALWAYS_SEARCH_USER_PATHS = NO;
				CLANG_ANALYZER_NONNULL = YES;
				CLANG_CXX_LANGUAGE_STANDARD = "gnu++0x";
				CLANG_CXX_LIBRARY = "libc++";
				CLANG_ENABLE_MODULES = YES;
				CLANG_ENABLE_OBJC_ARC = YES;
				CLANG_WARN_BOOL_CONVERSION = YES;
				CLANG_WARN_CONSTANT_CONVERSION = YES;
				CLANG_WARN_DIRECT_OBJC_ISA_USAGE = YES_ERROR;
				CLANG_WARN_EMPTY_BODY = YES;
				CLANG_WARN_ENUM_CONVERSION = YES;
				CLANG_WARN_INT_CONVERSION = YES;
				CLANG_WARN_OBJC_ROOT_CLASS = YES_ERROR;
				CLANG_WARN_UNREACHABLE_CODE = YES;
				CLANG_WARN__DUPLICATE_METHOD_MATCH = YES;
				"CODE_SIGN_IDENTITY[sdk=iphoneos*]" = "iPhone Developer";
				COPY_PHASE_STRIP = NO;
				DEBUG_INFORMATION_FORMAT = dwarf;
				ENABLE_STRICT_OBJC_MSGSEND = YES;
				ENABLE_TESTABILITY = YES;
				GCC_C_LANGUAGE_STANDARD = gnu99;
				GCC_DYNAMIC_NO_PIC = NO;
				GCC_NO_COMMON_BLOCKS = YES;
				GCC_OPTIMIZATION_LEVEL = 0;
				GCC_PREPROCESSOR_DEFINITIONS = (
					"DEBUG=1",
					"$(inherited)",
				);
				GCC_WARN_64_TO_32_BIT_CONVERSION = YES;
				GCC_WARN_ABOUT_RETURN_TYPE = YES_ERROR;
				GCC_WARN_UNDECLARED_SELECTOR = YES;
				GCC_WARN_UNINITIALIZED_AUTOS = YES_AGGRESSIVE;
				GCC_WARN_UNUSED_FUNCTION = YES;
				GCC_WARN_UNUSED_VARIABLE = YES;
				IPHONEOS_DEPLOYMENT_TARGET = 9.3;
				MTL_ENABLE_DEBUG_INFO = YES;
				ONLY_ACTIVE_ARCH = YES;
				SDKROOT = iphoneos;
				SWIFT_OPTIMIZATION_LEVEL = "-Onone";
			};
			name = Debug;
		};
		6162C78C1D21C92400575759 /* Release */ = {
			isa = XCBuildConfiguration;
			buildSettings = {
				ALWAYS_SEARCH_USER_PATHS = NO;
				CLANG_ANALYZER_NONNULL = YES;
				CLANG_CXX_LANGUAGE_STANDARD = "gnu++0x";
				CLANG_CXX_LIBRARY = "libc++";
				CLANG_ENABLE_MODULES = YES;
				CLANG_ENABLE_OBJC_ARC = YES;
				CLANG_WARN_BOOL_CONVERSION = YES;
				CLANG_WARN_CONSTANT_CONVERSION = YES;
				CLANG_WARN_DIRECT_OBJC_ISA_USAGE = YES_ERROR;
				CLANG_WARN_EMPTY_BODY = YES;
				CLANG_WARN_ENUM_CONVERSION = YES;
				CLANG_WARN_INT_CONVERSION = YES;
				CLANG_WARN_OBJC_ROOT_CLASS = YES_ERROR;
				CLANG_WARN_UNREACHABLE_CODE = YES;
				CLANG_WARN__DUPLICATE_METHOD_MATCH = YES;
				"CODE_SIGN_IDENTITY[sdk=iphoneos*]" = "iPhone Developer";
				COPY_PHASE_STRIP = NO;
				DEBUG_INFORMATION_FORMAT = "dwarf-with-dsym";
				ENABLE_NS_ASSERTIONS = NO;
				ENABLE_STRICT_OBJC_MSGSEND = YES;
				GCC_C_LANGUAGE_STANDARD = gnu99;
				GCC_NO_COMMON_BLOCKS = YES;
				GCC_WARN_64_TO_32_BIT_CONVERSION = YES;
				GCC_WARN_ABOUT_RETURN_TYPE = YES_ERROR;
				GCC_WARN_UNDECLARED_SELECTOR = YES;
				GCC_WARN_UNINITIALIZED_AUTOS = YES_AGGRESSIVE;
				GCC_WARN_UNUSED_FUNCTION = YES;
				GCC_WARN_UNUSED_VARIABLE = YES;
				IPHONEOS_DEPLOYMENT_TARGET = 9.3;
				MTL_ENABLE_DEBUG_INFO = NO;
				SDKROOT = iphoneos;
				VALIDATE_PRODUCT = YES;
			};
			name = Release;
		};
		6162C78E1D21C92400575759 /* Debug */ = {
			isa = XCBuildConfiguration;
			baseConfigurationReference = F0B372346BB9D971188F5A59 /* Pods-ChirpCawCaw.debug.xcconfig */;
			buildSettings = {
				ASSETCATALOG_COMPILER_APPICON_NAME = AppIcon;
				CODE_SIGN_IDENTITY = "iPhone Developer";
				INFOPLIST_FILE = ChirpCawCaw/Info.plist;
				LD_RUNPATH_SEARCH_PATHS = "$(inherited) @executable_path/Frameworks";
				PRODUCT_BUNDLE_IDENTIFIER = com.codepath.ChirpCawCaw;
				PRODUCT_NAME = "$(TARGET_NAME)";
			};
			name = Debug;
		};
		6162C78F1D21C92400575759 /* Release */ = {
			isa = XCBuildConfiguration;
			baseConfigurationReference = B934BAA5185D243FD1EE0DE8 /* Pods-ChirpCawCaw.release.xcconfig */;
			buildSettings = {
				ASSETCATALOG_COMPILER_APPICON_NAME = AppIcon;
				CODE_SIGN_IDENTITY = "iPhone Developer";
				INFOPLIST_FILE = ChirpCawCaw/Info.plist;
				LD_RUNPATH_SEARCH_PATHS = "$(inherited) @executable_path/Frameworks";
				PRODUCT_BUNDLE_IDENTIFIER = com.codepath.ChirpCawCaw;
				PRODUCT_NAME = "$(TARGET_NAME)";
			};
			name = Release;
		};
/* End XCBuildConfiguration section */

/* Begin XCConfigurationList section */
		6162C7761D21C92400575759 /* Build configuration list for PBXProject "ChirpCawCaw" */ = {
			isa = XCConfigurationList;
			buildConfigurations = (
				6162C78B1D21C92400575759 /* Debug */,
				6162C78C1D21C92400575759 /* Release */,
			);
			defaultConfigurationIsVisible = 0;
			defaultConfigurationName = Release;
		};
		6162C78D1D21C92400575759 /* Build configuration list for PBXNativeTarget "ChirpCawCaw" */ = {
			isa = XCConfigurationList;
			buildConfigurations = (
				6162C78E1D21C92400575759 /* Debug */,
				6162C78F1D21C92400575759 /* Release */,
			);
			defaultConfigurationIsVisible = 0;
			defaultConfigurationName = Release;
		};
/* End XCConfigurationList section */
	};
	rootObject = 6162C7731D21C92400575759 /* Project object */;
}
