// !$*UTF8*$!
{
	archiveVersion = 1;
	classes = {
	};
	objectVersion = 46;
	objects = {

/* Begin PBXBuildFile section */
		6162C77F1D21C92400575759 /* AppDelegate.swift in Sources */ = {isa = PBXBuildFile; fileRef = 6162C77E1D21C92400575759 /* AppDelegate.swift */; };
		6162C7811D21C92400575759 /* ViewController.swift in Sources */ = {isa = PBXBuildFile; fileRef = 6162C7801D21C92400575759 /* ViewController.swift */; };
		6162C7841D21C92400575759 /* Main.storyboard in Resources */ = {isa = PBXBuildFile; fileRef = 6162C7821D21C92400575759 /* Main.storyboard */; };
		6162C7861D21C92400575759 /* Assets.xcassets in Resources */ = {isa = PBXBuildFile; fileRef = 6162C7851D21C92400575759 /* Assets.xcassets */; };
		6162C7891D21C92400575759 /* LaunchScreen.storyboard in Resources */ = {isa = PBXBuildFile; fileRef = 6162C7871D21C92400575759 /* LaunchScreen.storyboard */; };
/* End PBXBuildFile section */

/* Begin PBXFileReference section */
		6162C77B1D21C92400575759 /* ChirpCawCaw.app */ = {isa = PBXFileReference; explicitFileType = wrapper.application; includeInIndex = 0; path = ChirpCawCaw.app; sourceTree = BUILT_PRODUCTS_DIR; };
		6162C77E1D21C92400575759 /* AppDelegate.swift */ = {isa = PBXFileReference; lastKnownFileType = sourcecode.swift; path = AppDelegate.swift; sourceTree = "<group>"; };
		6162C7801D21C92400575759 /* ViewController.swift */ = {isa = PBXFileReference; lastKnownFileType = sourcecode.swift; path = ViewController.swift; sourceTree = "<group>"; };
		6162C7831D21C92400575759 /* Base */ = {isa = PBXFileReference; lastKnownFileType = file.storyboard; name = Base; path = Base.lproj/Main.storyboard; sourceTree = "<group>"; };
		6162C7851D21C92400575759 /* Assets.xcassets */ = {isa = PBXFileReference; lastKnownFileType = folder.assetcatalog; path = Assets.xcassets; sourceTree = "<group>"; };
		6162C7881D21C92400575759 /* Base */ = {isa = PBXFileReference; lastKnownFileType = file.storyboard; name = Base; path = Base.lproj/LaunchScreen.storyboard; sourceTree = "<group>"; };
		6162C78A1D21C92400575759 /* Info.plist */ = {isa = PBXFileReference; lastKnownFileType = text.plist.xml; path = Info.plist; sourceTree = "<group>"; };
/* End PBXFileReference section */

/* Begin PBXFrameworksBuildPhase section */
		6162C7781D21C92400575759 /* Frameworks */ = {
			isa = PBXFrameworksBuildPhase;
			buildActionMask = 2147483647;
			files = (
			);
			runOnlyForDeploymentPostprocessing = 0;
		};
/* End PBXFrameworksBuildPhase section */

/* Begin PBXGroup section */
		6162C7721D21C92400575759 = {
			isa = PBXGroup;
			children = (
				6162C77D1D21C92400575759 /* ChirpCawCaw */,
				6162C77C1D21C92400575759 /* Products */,
			);
			sourceTree = "<group>";
		};
		6162C77C1D21C92400575759 /* Products */ = {
			isa = PBXGroup;
			children = (
				6162C77B1D21C92400575759 /* ChirpCawCaw.app */,
			);
			name = Products;
			sourceTree = "<group>";
		};
		6162C77D1D21C92400575759 /* ChirpCawCaw */ = {
			isa = PBXGroup;
			children = (
				6162C77E1D21C92400575759 /* AppDelegate.swift */,
				6162C7801D21C92400575759 /* ViewController.swift */,
				6162C7821D21C92400575759 /* Main.storyboard */,
				6162C7851D21C92400575759 /* Assets.xcassets */,
				6162C7871D21C92400575759 /* LaunchScreen.storyboard */,
				6162C78A1D21C92400575759 /* Info.plist */,
			);
			path = ChirpCawCaw;
			sourceTree = "<group>";
		};
/* End PBXGroup section */

/* Begin PBXNativeTarget section */
		6162C77A1D21C92400575759 /* ChirpCawCaw */ = {
			isa = PBXNativeTarget;
			buildConfigurationList = 6162C78D1D21C92400575759 /* Build configuration list for PBXNativeTarget "ChirpCawCaw" */;
			buildPhases = (
				6162C7771D21C92400575759 /* Sources */,
				6162C7781D21C92400575759 /* Frameworks */,
				6162C7791D21C92400575759 /* Resources */,
			);
			buildRules = (
			);
			dependencies = (
			);
			name = ChirpCawCaw;
			productName = ChirpCawCaw;
			productReference = 6162C77B1D21C92400575759 /* ChirpCawCaw.app */;
			productType = "com.apple.product-type.application";
		};
/* End PBXNativeTarget section */

/* Begin PBXProject section */
		6162C7731D21C92400575759 /* Project object */ = {
			isa = PBXProject;
			attributes = {
				LastSwiftUpdateCheck = 0730;
				LastUpgradeCheck = 0730;
				ORGANIZATIONNAME = "Bonnie Nguyen";
				TargetAttributes = {
					6162C77A1D21C92400575759 = {
						CreatedOnToolsVersion = 7.3.1;
					};
				};
			};
			buildConfigurationList = 6162C7761D21C92400575759 /* Build configuration list for PBXProject "ChirpCawCaw" */;
			compatibilityVersion = "Xcode 3.2";
			developmentRegion = English;
			hasScannedForEncodings = 0;
			knownRegions = (
				en,
				Base,
			);
			mainGroup = 6162C7721D21C92400575759;
			productRefGroup = 6162C77C1D21C92400575759 /* Products */;
			projectDirPath = "";
			projectRoot = "";
			targets = (
				6162C77A1D21C92400575759 /* ChirpCawCaw */,
			);
		};
/* End PBXProject section */

/* Begin PBXResourcesBuildPhase section */
		6162C7791D21C92400575759 /* Resources */ = {
			isa = PBXResourcesBuildPhase;
			buildActionMask = 2147483647;
			files = (
				6162C7891D21C92400575759 /* LaunchScreen.storyboard in Resources */,
				6162C7861D21C92400575759 /* Assets.xcassets in Resources */,
				6162C7841D21C92400575759 /* Main.storyboard in Resources */,
			);
			runOnlyForDeploymentPostprocessing = 0;
		};
/* End PBXResourcesBuildPhase section */

/* Begin PBXSourcesBuildPhase section */
		6162C7771D21C92400575759 /* Sources */ = {
			isa = PBXSourcesBuildPhase;
			buildActionMask = 2147483647;
			files = (
				6162C7811D21C92400575759 /* ViewController.swift in Sources */,
				6162C77F1D21C92400575759 /* AppDelegate.swift in Sources */,
			);
			runOnlyForDeploymentPostprocessing = 0;
		};
/* End PBXSourcesBuildPhase section */

/* Begin PBXVariantGroup section */
		6162C7821D21C92400575759 /* Main.storyboard */ = {
			isa = PBXVariantGroup;
			children = (
				6162C7831D21C92400575759 /* Base */,
			);
			name = Main.storyboard;
			sourceTree = "<group>";
		};
		6162C7871D21C92400575759 /* LaunchScreen.storyboard */ = {
			isa = PBXVariantGroup;
			children = (
				6162C7881D21C92400575759 /* Base */,
			);
			name = LaunchScreen.storyboard;
			sourceTree = "<group>";
		};
/* End PBXVariantGroup section */

/* Begin XCBuildConfiguration section */
		6162C78B1D21C92400575759 /* Debug */ = {
			isa = XCBuildConfiguration;
			buildSettings = {
				ALWAYS_SEARCH_USER_PATHS = NO;
				CLANG_ANALYZER_NONNULL = YES;
				CLANG_CXX_LANGUAGE_STANDARD = "gnu++0x";
				CLANG_CXX_LIBRARY = "libc++";
				CLANG_ENABLE_MODULES = YES;
				CLANG_ENABLE_OBJC_ARC = YES;
				CLANG_WARN_BOOL_CONVERSION = YES;
				CLANG_WARN_CONSTANT_CONVERSION = YES;
				CLANG_WARN_DIRECT_OBJC_ISA_USAGE = YES_ERROR;
				CLANG_WARN_EMPTY_BODY = YES;
				CLANG_WARN_ENUM_CONVERSION = YES;
				CLANG_WARN_INT_CONVERSION = YES;
				CLANG_WARN_OBJC_ROOT_CLASS = YES_ERROR;
				CLANG_WARN_UNREACHABLE_CODE = YES;
				CLANG_WARN__DUPLICATE_METHOD_MATCH = YES;
				"CODE_SIGN_IDENTITY[sdk=iphoneos*]" = "iPhone Developer";
				COPY_PHASE_STRIP = NO;
				DEBUG_INFORMATION_FORMAT = dwarf;
				ENABLE_STRICT_OBJC_MSGSEND = YES;
				ENABLE_TESTABILITY = YES;
				GCC_C_LANGUAGE_STANDARD = gnu99;
				GCC_DYNAMIC_NO_PIC = NO;
				GCC_NO_COMMON_BLOCKS = YES;
				GCC_OPTIMIZATION_LEVEL = 0;
				GCC_PREPROCESSOR_DEFINITIONS = (
					"DEBUG=1",
					"$(inherited)",
				);
				GCC_WARN_64_TO_32_BIT_CONVERSION = YES;
				GCC_WARN_ABOUT_RETURN_TYPE = YES_ERROR;
				GCC_WARN_UNDECLARED_SELECTOR = YES;
				GCC_WARN_UNINITIALIZED_AUTOS = YES_AGGRESSIVE;
				GCC_WARN_UNUSED_FUNCTION = YES;
				GCC_WARN_UNUSED_VARIABLE = YES;
				IPHONEOS_DEPLOYMENT_TARGET = 9.3;
				MTL_ENABLE_DEBUG_INFO = YES;
				ONLY_ACTIVE_ARCH = YES;
				SDKROOT = iphoneos;
				SWIFT_OPTIMIZATION_LEVEL = "-Onone";
			};
			name = Debug;
		};
		6162C78C1D21C92400575759 /* Release */ = {
			isa = XCBuildConfiguration;
			buildSettings = {
				ALWAYS_SEARCH_USER_PATHS = NO;
				CLANG_ANALYZER_NONNULL = YES;
				CLANG_CXX_LANGUAGE_STANDARD = "gnu++0x";
				CLANG_CXX_LIBRARY = "libc++";
				CLANG_ENABLE_MODULES = YES;
				CLANG_ENABLE_OBJC_ARC = YES;
				CLANG_WARN_BOOL_CONVERSION = YES;
				CLANG_WARN_CONSTANT_CONVERSION = YES;
				CLANG_WARN_DIRECT_OBJC_ISA_USAGE = YES_ERROR;
				CLANG_WARN_EMPTY_BODY = YES;
				CLANG_WARN_ENUM_CONVERSION = YES;
				CLANG_WARN_INT_CONVERSION = YES;
				CLANG_WARN_OBJC_ROOT_CLASS = YES_ERROR;
				CLANG_WARN_UNREACHABLE_CODE = YES;
				CLANG_WARN__DUPLICATE_METHOD_MATCH = YES;
				"CODE_SIGN_IDENTITY[sdk=iphoneos*]" = "iPhone Developer";
				COPY_PHASE_STRIP = NO;
				DEBUG_INFORMATION_FORMAT = "dwarf-with-dsym";
				ENABLE_NS_ASSERTIONS = NO;
				ENABLE_STRICT_OBJC_MSGSEND = YES;
				GCC_C_LANGUAGE_STANDARD = gnu99;
				GCC_NO_COMMON_BLOCKS = YES;
				GCC_WARN_64_TO_32_BIT_CONVERSION = YES;
				GCC_WARN_ABOUT_RETURN_TYPE = YES_ERROR;
				GCC_WARN_UNDECLARED_SELECTOR = YES;
				GCC_WARN_UNINITIALIZED_AUTOS = YES_AGGRESSIVE;
				GCC_WARN_UNUSED_FUNCTION = YES;
				GCC_WARN_UNUSED_VARIABLE = YES;
				IPHONEOS_DEPLOYMENT_TARGET = 9.3;
				MTL_ENABLE_DEBUG_INFO = NO;
				SDKROOT = iphoneos;
				VALIDATE_PRODUCT = YES;
			};
			name = Release;
		};
		6162C78E1D21C92400575759 /* Debug */ = {
			isa = XCBuildConfiguration;
			buildSettings = {
				ASSETCATALOG_COMPILER_APPICON_NAME = AppIcon;
				INFOPLIST_FILE = ChirpCawCaw/Info.plist;
				LD_RUNPATH_SEARCH_PATHS = "$(inherited) @executable_path/Frameworks";
				PRODUCT_BUNDLE_IDENTIFIER = com.codepath.ChirpCawCaw;
				PRODUCT_NAME = "$(TARGET_NAME)";
			};
			name = Debug;
		};
		6162C78F1D21C92400575759 /* Release */ = {
			isa = XCBuildConfiguration;
			buildSettings = {
				ASSETCATALOG_COMPILER_APPICON_NAME = AppIcon;
				INFOPLIST_FILE = ChirpCawCaw/Info.plist;
				LD_RUNPATH_SEARCH_PATHS = "$(inherited) @executable_path/Frameworks";
				PRODUCT_BUNDLE_IDENTIFIER = com.codepath.ChirpCawCaw;
				PRODUCT_NAME = "$(TARGET_NAME)";
			};
			name = Release;
		};
/* End XCBuildConfiguration section */

/* Begin XCConfigurationList section */
		6162C7761D21C92400575759 /* Build configuration list for PBXProject "ChirpCawCaw" */ = {
			isa = XCConfigurationList;
			buildConfigurations = (
				6162C78B1D21C92400575759 /* Debug */,
				6162C78C1D21C92400575759 /* Release */,
			);
			defaultConfigurationIsVisible = 0;
			defaultConfigurationName = Release;
		};
		6162C78D1D21C92400575759 /* Build configuration list for PBXNativeTarget "ChirpCawCaw" */ = {
			isa = XCConfigurationList;
			buildConfigurations = (
				6162C78E1D21C92400575759 /* Debug */,
				6162C78F1D21C92400575759 /* Release */,
			);
			defaultConfigurationIsVisible = 0;
		};
/* End XCConfigurationList section */
	};
	rootObject = 6162C7731D21C92400575759 /* Project object */;
}
